
Microsoft Visual Studio Solution File, Format Version 12.00
# Visual Studio Version 17
VisualStudioVersion = 17.13.35931.197 d17.13
MinimumVisualStudioVersion = 10.0.40219.1
Project("{FAE04EC0-301F-11D3-BF4B-00C04F79EFBC}") = "cs0509", "cs0509\cs0509.csproj", "{089E007F-2811-4583-A64F-C9A37D8DDA40}"
EndProject
Global
	GlobalSection(SolutionConfigurationPlatforms) = preSolution
		Debug|Any CPU = Debug|Any CPU
		Release|Any CPU = Release|Any CPU
	EndGlobalSection
	GlobalSection(ProjectConfigurationPlatforms) = postSolution
		{089E007F-2811-4583-A64F-C9A37D8DDA40}.Debug|Any CPU.ActiveCfg = Debug|Any CPU
		{089E007F-2811-4583-A64F-C9A37D8DDA40}.Debug|Any CPU.Build.0 = Debug|Any CPU
		{089E007F-2811-4583-A64F-C9A37D8DDA40}.Release|Any CPU.ActiveCfg = Release|Any CPU
		{089E007F-2811-4583-A64F-C9A37D8DDA40}.Release|Any CPU.Build.0 = Release|Any CPU
	EndGlobalSection
	GlobalSection(SolutionProperties) = preSolution
		HideSolutionNode = FALSE
	EndGlobalSection
	GlobalSection(ExtensibilityGlobals) = postSolution
		SolutionGuid = {F12D5C11-4A5C-47A0-89DD-E33F4AA74F58}
	EndGlobalSection
EndGlobal
